
Microsoft Visual Studio Solution File, Format Version 12.00
# Visual Studio Version 17
VisualStudioVersion = 17.4.33213.308
MinimumVisualStudioVersion = 10.0.40219.1
Project("{FAE04EC0-301F-11D3-BF4B-00C04F79EFBC}") = "UDP_Broadcaster", "UDP_Broadcaster\UDP_Broadcaster.csproj", "{85BAAE6E-14D2-4AF2-A94E-B4A86EAD5BE8}"
EndProject
Global
	GlobalSection(SolutionConfigurationPlatforms) = preSolution
		Debug|ARM = Debug|ARM
		Debug|ARM64 = Debug|ARM64
		Debug|x64 = Debug|x64
		Debug|x86 = Debug|x86
		Release|ARM = Release|ARM
		Release|ARM64 = Release|ARM64
		Release|x64 = Release|x64
		Release|x86 = Release|x86
	EndGlobalSection
	GlobalSection(ProjectConfigurationPlatforms) = postSolution
		{85BAAE6E-14D2-4AF2-A94E-B4A86EAD5BE8}.Debug|ARM.ActiveCfg = Debug|ARM
		{85BAAE6E-14D2-4AF2-A94E-B4A86EAD5BE8}.Debug|ARM.Build.0 = Debug|ARM
		{85BAAE6E-14D2-4AF2-A94E-B4A86EAD5BE8}.Debug|ARM.Deploy.0 = Debug|ARM
		{85BAAE6E-14D2-4AF2-A94E-B4A86EAD5BE8}.Debug|ARM64.ActiveCfg = Debug|ARM64
		{85BAAE6E-14D2-4AF2-A94E-B4A86EAD5BE8}.Debug|ARM64.Build.0 = Debug|ARM64
		{85BAAE6E-14D2-4AF2-A94E-B4A86EAD5BE8}.Debug|ARM64.Deploy.0 = Debug|ARM64
		{85BAAE6E-14D2-4AF2-A94E-B4A86EAD5BE8}.Debug|x64.ActiveCfg = Debug|x64
		{85BAAE6E-14D2-4AF2-A94E-B4A86EAD5BE8}.Debug|x64.Build.0 = Debug|x64
		{85BAAE6E-14D2-4AF2-A94E-B4A86EAD5BE8}.Debug|x64.Deploy.0 = Debug|x64
		{85BAAE6E-14D2-4AF2-A94E-B4A86EAD5BE8}.Debug|x86.ActiveCfg = Debug|x86
		{85BAAE6E-14D2-4AF2-A94E-B4A86EAD5BE8}.Debug|x86.Build.0 = Debug|x86
		{85BAAE6E-14D2-4AF2-A94E-B4A86EAD5BE8}.Debug|x86.Deploy.0 = Debug|x86
		{85BAAE6E-14D2-4AF2-A94E-B4A86EAD5BE8}.Release|ARM.ActiveCfg = Release|ARM
		{85BAAE6E-14D2-4AF2-A94E-B4A86EAD5BE8}.Release|ARM.Build.0 = Release|ARM
		{85BAAE6E-14D2-4AF2-A94E-B4A86EAD5BE8}.Release|ARM.Deploy.0 = Release|ARM
		{85BAAE6E-14D2-4AF2-A94E-B4A86EAD5BE8}.Release|ARM64.ActiveCfg = Release|ARM64
		{85BAAE6E-14D2-4AF2-A94E-B4A86EAD5BE8}.Release|ARM64.Build.0 = Release|ARM64
		{85BAAE6E-14D2-4AF2-A94E-B4A86EAD5BE8}.Release|ARM64.Deploy.0 = Release|ARM64
		{85BAAE6E-14D2-4AF2-A94E-B4A86EAD5BE8}.Release|x64.ActiveCfg = Release|x64
		{85BAAE6E-14D2-4AF2-A94E-B4A86EAD5BE8}.Release|x64.Build.0 = Release|x64
		{85BAAE6E-14D2-4AF2-A94E-B4A86EAD5BE8}.Release|x64.Deploy.0 = Release|x64
		{85BAAE6E-14D2-4AF2-A94E-B4A86EAD5BE8}.Release|x86.ActiveCfg = Release|x86
		{85BAAE6E-14D2-4AF2-A94E-B4A86EAD5BE8}.Release|x86.Build.0 = Release|x86
		{85BAAE6E-14D2-4AF2-A94E-B4A86EAD5BE8}.Release|x86.Deploy.0 = Release|x86
	EndGlobalSection
	GlobalSection(SolutionProperties) = preSolution
		HideSolutionNode = FALSE
	EndGlobalSection
	GlobalSection(ExtensibilityGlobals) = postSolution
		SolutionGuid = {B3B7967A-3573-4A78-82C0-AE1F797D8A5D}
	EndGlobalSection
EndGlobal
